{
  "name": "worldmap",
  "lockfileVersion": 2,
  "requires": true,
  "packages": {
    "": {
      "dependencies": {
        "jsvectormap": "^1.5.1"
      }
    },
    "node_modules/jsvectormap": {
      "version": "1.5.1",
      "resolved": "https://registry.npmjs.org/jsvectormap/-/jsvectormap-1.5.1.tgz",
      "integrity": "sha512-Ic2O8df/gPir2tJI+tcfWuzXNE6lI4GjBiRstBEDJx7yWIqzuJn8t3+1+/M3Ug8BCxBHhRMVPeMGLFh04al93w=="
    }
  },
  "dependencies": {
    "jsvectormap": {
      "version": "1.5.1",
      "resolved": "https://registry.npmjs.org/jsvectormap/-/jsvectormap-1.5.1.tgz",
      "integrity": "sha512-Ic2O8df/gPir2tJI+tcfWuzXNE6lI4GjBiRstBEDJx7yWIqzuJn8t3+1+/M3Ug8BCxBHhRMVPeMGLFh04al93w=="
    }
  }
}
